// !$*UTF8*$!
{
	archiveVersion = 1;
	classes = {
	};
	objectVersion = 50;
	objects = {

/* Begin PBXBuildFile section */
		804959A723F75FFE0055FCE3 /* AppDelegate.swift in Sources */ = {isa = PBXBuildFile; fileRef = 804959A623F75FFE0055FCE3 /* AppDelegate.swift */; };
		804959A923F75FFE0055FCE3 /* SceneDelegate.swift in Sources */ = {isa = PBXBuildFile; fileRef = 804959A823F75FFE0055FCE3 /* SceneDelegate.swift */; };
		804959AB23F75FFE0055FCE3 /* ViewController.swift in Sources */ = {isa = PBXBuildFile; fileRef = 804959AA23F75FFE0055FCE3 /* ViewController.swift */; };
		804959AE23F75FFE0055FCE3 /* Main.storyboard in Resources */ = {isa = PBXBuildFile; fileRef = 804959AC23F75FFE0055FCE3 /* Main.storyboard */; };
		804959B023F760050055FCE3 /* Assets.xcassets in Resources */ = {isa = PBXBuildFile; fileRef = 804959AF23F760050055FCE3 /* Assets.xcassets */; };
		804959B323F760050055FCE3 /* LaunchScreen.storyboard in Resources */ = {isa = PBXBuildFile; fileRef = 804959B123F760050055FCE3 /* LaunchScreen.storyboard */; };
		804959BE23F760050055FCE3 /* FlashcardsTests.swift in Sources */ = {isa = PBXBuildFile; fileRef = 804959BD23F760050055FCE3 /* FlashcardsTests.swift */; };
		804959C923F760050055FCE3 /* FlashcardsUITests.swift in Sources */ = {isa = PBXBuildFile; fileRef = 804959C823F760050055FCE3 /* FlashcardsUITests.swift */; };
		804959D72411A9410055FCE3 /* CreationViewController.swift in Sources */ = {isa = PBXBuildFile; fileRef = 804959D62411A9410055FCE3 /* CreationViewController.swift */; };
/* End PBXBuildFile section */

/* Begin PBXContainerItemProxy section */
		804959BA23F760050055FCE3 /* PBXContainerItemProxy */ = {
			isa = PBXContainerItemProxy;
			containerPortal = 8049599B23F75FFE0055FCE3 /* Project object */;
			proxyType = 1;
			remoteGlobalIDString = 804959A223F75FFE0055FCE3;
			remoteInfo = Flashcards;
		};
		804959C523F760050055FCE3 /* PBXContainerItemProxy */ = {
			isa = PBXContainerItemProxy;
			containerPortal = 8049599B23F75FFE0055FCE3 /* Project object */;
			proxyType = 1;
			remoteGlobalIDString = 804959A223F75FFE0055FCE3;
			remoteInfo = Flashcards;
		};
/* End PBXContainerItemProxy section */

/* Begin PBXFileReference section */
		804959A323F75FFE0055FCE3 /* Flashcards.app */ = {isa = PBXFileReference; explicitFileType = wrapper.application; includeInIndex = 0; path = Flashcards.app; sourceTree = BUILT_PRODUCTS_DIR; };
		804959A623F75FFE0055FCE3 /* AppDelegate.swift */ = {isa = PBXFileReference; lastKnownFileType = sourcecode.swift; path = AppDelegate.swift; sourceTree = "<group>"; };
		804959A823F75FFE0055FCE3 /* SceneDelegate.swift */ = {isa = PBXFileReference; lastKnownFileType = sourcecode.swift; path = SceneDelegate.swift; sourceTree = "<group>"; };
		804959AA23F75FFE0055FCE3 /* ViewController.swift */ = {isa = PBXFileReference; lastKnownFileType = sourcecode.swift; path = ViewController.swift; sourceTree = "<group>"; };
		804959AD23F75FFE0055FCE3 /* Base */ = {isa = PBXFileReference; lastKnownFileType = file.storyboard; name = Base; path = Base.lproj/Main.storyboard; sourceTree = "<group>"; };
		804959AF23F760050055FCE3 /* Assets.xcassets */ = {isa = PBXFileReference; lastKnownFileType = folder.assetcatalog; path = Assets.xcassets; sourceTree = "<group>"; };
		804959B223F760050055FCE3 /* Base */ = {isa = PBXFileReference; lastKnownFileType = file.storyboard; name = Base; path = Base.lproj/LaunchScreen.storyboard; sourceTree = "<group>"; };
		804959B423F760050055FCE3 /* Info.plist */ = {isa = PBXFileReference; lastKnownFileType = text.plist.xml; path = Info.plist; sourceTree = "<group>"; };
		804959B923F760050055FCE3 /* FlashcardsTests.xctest */ = {isa = PBXFileReference; explicitFileType = wrapper.cfbundle; includeInIndex = 0; path = FlashcardsTests.xctest; sourceTree = BUILT_PRODUCTS_DIR; };
		804959BD23F760050055FCE3 /* FlashcardsTests.swift */ = {isa = PBXFileReference; lastKnownFileType = sourcecode.swift; path = FlashcardsTests.swift; sourceTree = "<group>"; };
		804959BF23F760050055FCE3 /* Info.plist */ = {isa = PBXFileReference; lastKnownFileType = text.plist.xml; path = Info.plist; sourceTree = "<group>"; };
		804959C423F760050055FCE3 /* FlashcardsUITests.xctest */ = {isa = PBXFileReference; explicitFileType = wrapper.cfbundle; includeInIndex = 0; path = FlashcardsUITests.xctest; sourceTree = BUILT_PRODUCTS_DIR; };
		804959C823F760050055FCE3 /* FlashcardsUITests.swift */ = {isa = PBXFileReference; lastKnownFileType = sourcecode.swift; path = FlashcardsUITests.swift; sourceTree = "<group>"; };
		804959CA23F760050055FCE3 /* Info.plist */ = {isa = PBXFileReference; lastKnownFileType = text.plist.xml; path = Info.plist; sourceTree = "<group>"; };
		804959D62411A9410055FCE3 /* CreationViewController.swift */ = {isa = PBXFileReference; lastKnownFileType = sourcecode.swift; path = CreationViewController.swift; sourceTree = "<group>"; };
/* End PBXFileReference section */

/* Begin PBXFrameworksBuildPhase section */
		804959A023F75FFE0055FCE3 /* Frameworks */ = {
			isa = PBXFrameworksBuildPhase;
			buildActionMask = 2147483647;
			files = (
			);
			runOnlyForDeploymentPostprocessing = 0;
		};
		804959B623F760050055FCE3 /* Frameworks */ = {
			isa = PBXFrameworksBuildPhase;
			buildActionMask = 2147483647;
			files = (
			);
			runOnlyForDeploymentPostprocessing = 0;
		};
		804959C123F760050055FCE3 /* Frameworks */ = {
			isa = PBXFrameworksBuildPhase;
			buildActionMask = 2147483647;
			files = (
			);
			runOnlyForDeploymentPostprocessing = 0;
		};
/* End PBXFrameworksBuildPhase section */

/* Begin PBXGroup section */
		8049599A23F75FFE0055FCE3 = {
			isa = PBXGroup;
			children = (
				804959A523F75FFE0055FCE3 /* Flashcards */,
				804959BC23F760050055FCE3 /* FlashcardsTests */,
				804959C723F760050055FCE3 /* FlashcardsUITests */,
				804959A423F75FFE0055FCE3 /* Products */,
			);
			sourceTree = "<group>";
		};
		804959A423F75FFE0055FCE3 /* Products */ = {
			isa = PBXGroup;
			children = (
				804959A323F75FFE0055FCE3 /* Flashcards.app */,
				804959B923F760050055FCE3 /* FlashcardsTests.xctest */,
				804959C423F760050055FCE3 /* FlashcardsUITests.xctest */,
			);
			name = Products;
			sourceTree = "<group>";
		};
		804959A523F75FFE0055FCE3 /* Flashcards */ = {
			isa = PBXGroup;
			children = (
				804959A623F75FFE0055FCE3 /* AppDelegate.swift */,
				804959A823F75FFE0055FCE3 /* SceneDelegate.swift */,
				804959AA23F75FFE0055FCE3 /* ViewController.swift */,
				804959AC23F75FFE0055FCE3 /* Main.storyboard */,
				804959D62411A9410055FCE3 /* CreationViewController.swift */,
				804959AF23F760050055FCE3 /* Assets.xcassets */,
				804959B123F760050055FCE3 /* LaunchScreen.storyboard */,
				804959B423F760050055FCE3 /* Info.plist */,
			);
			path = Flashcards;
			sourceTree = "<group>";
		};
		804959BC23F760050055FCE3 /* FlashcardsTests */ = {
			isa = PBXGroup;
			children = (
				804959BD23F760050055FCE3 /* FlashcardsTests.swift */,
				804959BF23F760050055FCE3 /* Info.plist */,
			);
			path = FlashcardsTests;
			sourceTree = "<group>";
		};
		804959C723F760050055FCE3 /* FlashcardsUITests */ = {
			isa = PBXGroup;
			children = (
				804959C823F760050055FCE3 /* FlashcardsUITests.swift */,
				804959CA23F760050055FCE3 /* Info.plist */,
			);
			path = FlashcardsUITests;
			sourceTree = "<group>";
		};
/* End PBXGroup section */

/* Begin PBXNativeTarget section */
		804959A223F75FFE0055FCE3 /* Flashcards */ = {
			isa = PBXNativeTarget;
			buildConfigurationList = 804959CD23F760050055FCE3 /* Build configuration list for PBXNativeTarget "Flashcards" */;
			buildPhases = (
				8049599F23F75FFE0055FCE3 /* Sources */,
				804959A023F75FFE0055FCE3 /* Frameworks */,
				804959A123F75FFE0055FCE3 /* Resources */,
			);
			buildRules = (
			);
			dependencies = (
			);
			name = Flashcards;
			productName = Flashcards;
			productReference = 804959A323F75FFE0055FCE3 /* Flashcards.app */;
			productType = "com.apple.product-type.application";
		};
		804959B823F760050055FCE3 /* FlashcardsTests */ = {
			isa = PBXNativeTarget;
			buildConfigurationList = 804959D023F760050055FCE3 /* Build configuration list for PBXNativeTarget "FlashcardsTests" */;
			buildPhases = (
				804959B523F760050055FCE3 /* Sources */,
				804959B623F760050055FCE3 /* Frameworks */,
				804959B723F760050055FCE3 /* Resources */,
			);
			buildRules = (
			);
			dependencies = (
				804959BB23F760050055FCE3 /* PBXTargetDependency */,
			);
			name = FlashcardsTests;
			productName = FlashcardsTests;
			productReference = 804959B923F760050055FCE3 /* FlashcardsTests.xctest */;
			productType = "com.apple.product-type.bundle.unit-test";
		};
		804959C323F760050055FCE3 /* FlashcardsUITests */ = {
			isa = PBXNativeTarget;
			buildConfigurationList = 804959D323F760050055FCE3 /* Build configuration list for PBXNativeTarget "FlashcardsUITests" */;
			buildPhases = (
				804959C023F760050055FCE3 /* Sources */,
				804959C123F760050055FCE3 /* Frameworks */,
				804959C223F760050055FCE3 /* Resources */,
			);
			buildRules = (
			);
			dependencies = (
				804959C623F760050055FCE3 /* PBXTargetDependency */,
			);
			name = FlashcardsUITests;
			productName = FlashcardsUITests;
			productReference = 804959C423F760050055FCE3 /* FlashcardsUITests.xctest */;
			productType = "com.apple.product-type.bundle.ui-testing";
		};
/* End PBXNativeTarget section */

/* Begin PBXProject section */
		8049599B23F75FFE0055FCE3 /* Project object */ = {
			isa = PBXProject;
			attributes = {
				LastSwiftUpdateCheck = 1130;
				LastUpgradeCheck = 1130;
				ORGANIZATIONNAME = "Jordan Lawanson";
				TargetAttributes = {
					804959A223F75FFE0055FCE3 = {
						CreatedOnToolsVersion = 11.3.1;
					};
					804959B823F760050055FCE3 = {
						CreatedOnToolsVersion = 11.3.1;
						TestTargetID = 804959A223F75FFE0055FCE3;
					};
					804959C323F760050055FCE3 = {
						CreatedOnToolsVersion = 11.3.1;
						TestTargetID = 804959A223F75FFE0055FCE3;
					};
				};
			};
			buildConfigurationList = 8049599E23F75FFE0055FCE3 /* Build configuration list for PBXProject "Flashcards" */;
			compatibilityVersion = "Xcode 9.3";
			developmentRegion = en;
			hasScannedForEncodings = 0;
			knownRegions = (
				en,
				Base,
			);
			mainGroup = 8049599A23F75FFE0055FCE3;
			productRefGroup = 804959A423F75FFE0055FCE3 /* Products */;
			projectDirPath = "";
			projectRoot = "";
			targets = (
				804959A223F75FFE0055FCE3 /* Flashcards */,
				804959B823F760050055FCE3 /* FlashcardsTests */,
				804959C323F760050055FCE3 /* FlashcardsUITests */,
			);
		};
/* End PBXProject section */

/* Begin PBXResourcesBuildPhase section */
		804959A123F75FFE0055FCE3 /* Resources */ = {
			isa = PBXResourcesBuildPhase;
			buildActionMask = 2147483647;
			files = (
				804959B323F760050055FCE3 /* LaunchScreen.storyboard in Resources */,
				804959B023F760050055FCE3 /* Assets.xcassets in Resources */,
				804959AE23F75FFE0055FCE3 /* Main.storyboard in Resources */,
			);
			runOnlyForDeploymentPostprocessing = 0;
		};
		804959B723F760050055FCE3 /* Resources */ = {
			isa = PBXResourcesBuildPhase;
			buildActionMask = 2147483647;
			files = (
			);
			runOnlyForDeploymentPostprocessing = 0;
		};
		804959C223F760050055FCE3 /* Resources */ = {
			isa = PBXResourcesBuildPhase;
			buildActionMask = 2147483647;
			files = (
			);
			runOnlyForDeploymentPostprocessing = 0;
		};
/* End PBXResourcesBuildPhase section */

/* Begin PBXSourcesBuildPhase section */
		8049599F23F75FFE0055FCE3 /* Sources */ = {
			isa = PBXSourcesBuildPhase;
			buildActionMask = 2147483647;
			files = (
				804959AB23F75FFE0055FCE3 /* ViewController.swift in Sources */,
				804959A723F75FFE0055FCE3 /* AppDelegate.swift in Sources */,
				804959A923F75FFE0055FCE3 /* SceneDelegate.swift in Sources */,
				804959D72411A9410055FCE3 /* CreationViewController.swift in Sources */,
			);
			runOnlyForDeploymentPostprocessing = 0;
		};
		804959B523F760050055FCE3 /* Sources */ = {
			isa = PBXSourcesBuildPhase;
			buildActionMask = 2147483647;
			files = (
				804959BE23F760050055FCE3 /* FlashcardsTests.swift in Sources */,
			);
			runOnlyForDeploymentPostprocessing = 0;
		};
		804959C023F760050055FCE3 /* Sources */ = {
			isa = PBXSourcesBuildPhase;
			buildActionMask = 2147483647;
			files = (
				804959C923F760050055FCE3 /* FlashcardsUITests.swift in Sources */,
			);
			runOnlyForDeploymentPostprocessing = 0;
		};
/* End PBXSourcesBuildPhase section */

/* Begin PBXTargetDependency section */
		804959BB23F760050055FCE3 /* PBXTargetDependency */ = {
			isa = PBXTargetDependency;
			target = 804959A223F75FFE0055FCE3 /* Flashcards */;
			targetProxy = 804959BA23F760050055FCE3 /* PBXContainerItemProxy */;
		};
		804959C623F760050055FCE3 /* PBXTargetDependency */ = {
			isa = PBXTargetDependency;
			target = 804959A223F75FFE0055FCE3 /* Flashcards */;
			targetProxy = 804959C523F760050055FCE3 /* PBXContainerItemProxy */;
		};
/* End PBXTargetDependency section */

/* Begin PBXVariantGroup section */
		804959AC23F75FFE0055FCE3 /* Main.storyboard */ = {
			isa = PBXVariantGroup;
			children = (
				804959AD23F75FFE0055FCE3 /* Base */,
			);
			name = Main.storyboard;
			sourceTree = "<group>";
		};
		804959B123F760050055FCE3 /* LaunchScreen.storyboard */ = {
			isa = PBXVariantGroup;
			children = (
				804959B223F760050055FCE3 /* Base */,
			);
			name = LaunchScreen.storyboard;
			sourceTree = "<group>";
		};
/* End PBXVariantGroup section */

/* Begin XCBuildConfiguration section */
		804959CB23F760050055FCE3 /* Debug */ = {
			isa = XCBuildConfiguration;
			buildSettings = {
				ALWAYS_SEARCH_USER_PATHS = NO;
				CLANG_ANALYZER_NONNULL = YES;
				CLANG_ANALYZER_NUMBER_OBJECT_CONVERSION = YES_AGGRESSIVE;
				CLANG_CXX_LANGUAGE_STANDARD = "gnu++14";
				CLANG_CXX_LIBRARY = "libc++";
				CLANG_ENABLE_MODULES = YES;
				CLANG_ENABLE_OBJC_ARC = YES;
				CLANG_ENABLE_OBJC_WEAK = YES;
				CLANG_WARN_BLOCK_CAPTURE_AUTORELEASING = YES;
				CLANG_WARN_BOOL_CONVERSION = YES;
				CLANG_WARN_COMMA = YES;
				CLANG_WARN_CONSTANT_CONVERSION = YES;
				CLANG_WARN_DEPRECATED_OBJC_IMPLEMENTATIONS = YES;
				CLANG_WARN_DIRECT_OBJC_ISA_USAGE = YES_ERROR;
				CLANG_WARN_DOCUMENTATION_COMMENTS = YES;
				CLANG_WARN_EMPTY_BODY = YES;
				CLANG_WARN_ENUM_CONVERSION = YES;
				CLANG_WARN_INFINITE_RECURSION = YES;
				CLANG_WARN_INT_CONVERSION = YES;
				CLANG_WARN_NON_LITERAL_NULL_CONVERSION = YES;
				CLANG_WARN_OBJC_IMPLICIT_RETAIN_SELF = YES;
				CLANG_WARN_OBJC_LITERAL_CONVERSION = YES;
				CLANG_WARN_OBJC_ROOT_CLASS = YES_ERROR;
				CLANG_WARN_RANGE_LOOP_ANALYSIS = YES;
				CLANG_WARN_STRICT_PROTOTYPES = YES;
				CLANG_WARN_SUSPICIOUS_MOVE = YES;
				CLANG_WARN_UNGUARDED_AVAILABILITY = YES_AGGRESSIVE;
				CLANG_WARN_UNREACHABLE_CODE = YES;
				CLANG_WARN__DUPLICATE_METHOD_MATCH = YES;
				COPY_PHASE_STRIP = NO;
				DEBUG_INFORMATION_FORMAT = dwarf;
				ENABLE_STRICT_OBJC_MSGSEND = YES;
				ENABLE_TESTABILITY = YES;
				GCC_C_LANGUAGE_STANDARD = gnu11;
				GCC_DYNAMIC_NO_PIC = NO;
				GCC_NO_COMMON_BLOCKS = YES;
				GCC_OPTIMIZATION_LEVEL = 0;
				GCC_PREPROCESSOR_DEFINITIONS = (
					"DEBUG=1",
					"$(inherited)",
				);
				GCC_WARN_64_TO_32_BIT_CONVERSION = YES;
				GCC_WARN_ABOUT_RETURN_TYPE = YES_ERROR;
				GCC_WARN_UNDECLARED_SELECTOR = YES;
				GCC_WARN_UNINITIALIZED_AUTOS = YES_AGGRESSIVE;
				GCC_WARN_UNUSED_FUNCTION = YES;
				GCC_WARN_UNUSED_VARIABLE = YES;
				IPHONEOS_DEPLOYMENT_TARGET = 13.2;
				MTL_ENABLE_DEBUG_INFO = INCLUDE_SOURCE;
				MTL_FAST_MATH = YES;
				ONLY_ACTIVE_ARCH = YES;
				SDKROOT = iphoneos;
				SWIFT_ACTIVE_COMPILATION_CONDITIONS = DEBUG;
				SWIFT_OPTIMIZATION_LEVEL = "-Onone";
			};
			name = Debug;
		};
		804959CC23F760050055FCE3 /* Release */ = {
			isa = XCBuildConfiguration;
			buildSettings = {
				ALWAYS_SEARCH_USER_PATHS = NO;
				CLANG_ANALYZER_NONNULL = YES;
				CLANG_ANALYZER_NUMBER_OBJECT_CONVERSION = YES_AGGRESSIVE;
				CLANG_CXX_LANGUAGE_STANDARD = "gnu++14";
				CLANG_CXX_LIBRARY = "libc++";
				CLANG_ENABLE_MODULES = YES;
				CLANG_ENABLE_OBJC_ARC = YES;
				CLANG_ENABLE_OBJC_WEAK = YES;
				CLANG_WARN_BLOCK_CAPTURE_AUTORELEASING = YES;
				CLANG_WARN_BOOL_CONVERSION = YES;
				CLANG_WARN_COMMA = YES;
				CLANG_WARN_CONSTANT_CONVERSION = YES;
				CLANG_WARN_DEPRECATED_OBJC_IMPLEMENTATIONS = YES;
				CLANG_WARN_DIRECT_OBJC_ISA_USAGE = YES_ERROR;
				CLANG_WARN_DOCUMENTATION_COMMENTS = YES;
				CLANG_WARN_EMPTY_BODY = YES;
				CLANG_WARN_ENUM_CONVERSION = YES;
				CLANG_WARN_INFINITE_RECURSION = YES;
				CLANG_WARN_INT_CONVERSION = YES;
				CLANG_WARN_NON_LITERAL_NULL_CONVERSION = YES;
				CLANG_WARN_OBJC_IMPLICIT_RETAIN_SELF = YES;
				CLANG_WARN_OBJC_LITERAL_CONVERSION = YES;
				CLANG_WARN_OBJC_ROOT_CLASS = YES_ERROR;
				CLANG_WARN_RANGE_LOOP_ANALYSIS = YES;
				CLANG_WARN_STRICT_PROTOTYPES = YES;
				CLANG_WARN_SUSPICIOUS_MOVE = YES;
				CLANG_WARN_UNGUARDED_AVAILABILITY = YES_AGGRESSIVE;
				CLANG_WARN_UNREACHABLE_CODE = YES;
				CLANG_WARN__DUPLICATE_METHOD_MATCH = YES;
				COPY_PHASE_STRIP = NO;
				DEBUG_INFORMATION_FORMAT = "dwarf-with-dsym";
				ENABLE_NS_ASSERTIONS = NO;
				ENABLE_STRICT_OBJC_MSGSEND = YES;
				GCC_C_LANGUAGE_STANDARD = gnu11;
				GCC_NO_COMMON_BLOCKS = YES;
				GCC_WARN_64_TO_32_BIT_CONVERSION = YES;
				GCC_WARN_ABOUT_RETURN_TYPE = YES_ERROR;
				GCC_WARN_UNDECLARED_SELECTOR = YES;
				GCC_WARN_UNINITIALIZED_AUTOS = YES_AGGRESSIVE;
				GCC_WARN_UNUSED_FUNCTION = YES;
				GCC_WARN_UNUSED_VARIABLE = YES;
				IPHONEOS_DEPLOYMENT_TARGET = 13.2;
				MTL_ENABLE_DEBUG_INFO = NO;
				MTL_FAST_MATH = YES;
				SDKROOT = iphoneos;
				SWIFT_COMPILATION_MODE = wholemodule;
				SWIFT_OPTIMIZATION_LEVEL = "-O";
				VALIDATE_PRODUCT = YES;
			};
			name = Release;
		};
		804959CE23F760050055FCE3 /* Debug */ = {
			isa = XCBuildConfiguration;
			buildSettings = {
				ASSETCATALOG_COMPILER_APPICON_NAME = AppIcon;
				CODE_SIGN_STYLE = Automatic;
				INFOPLIST_FILE = Flashcards/Info.plist;
				LD_RUNPATH_SEARCH_PATHS = (
					"$(inherited)",
					"@executable_path/Frameworks",
				);
				PRODUCT_BUNDLE_IDENTIFIER = com.JordanLawanson.Flashcards;
				PRODUCT_NAME = "$(TARGET_NAME)";
				SWIFT_VERSION = 5.0;
				TARGETED_DEVICE_FAMILY = "1,2";
			};
			name = Debug;
		};
		804959CF23F760050055FCE3 /* Release */ = {
			isa = XCBuildConfiguration;
			buildSettings = {
				ASSETCATALOG_COMPILER_APPICON_NAME = AppIcon;
				CODE_SIGN_STYLE = Automatic;
				INFOPLIST_FILE = Flashcards/Info.plist;
				LD_RUNPATH_SEARCH_PATHS = (
					"$(inherited)",
					"@executable_path/Frameworks",
				);
				PRODUCT_BUNDLE_IDENTIFIER = com.JordanLawanson.Flashcards;
				PRODUCT_NAME = "$(TARGET_NAME)";
				SWIFT_VERSION = 5.0;
				TARGETED_DEVICE_FAMILY = "1,2";
			};
			name = Release;
		};
		804959D123F760050055FCE3 /* Debug */ = {
			isa = XCBuildConfiguration;
			buildSettings = {
				ALWAYS_EMBED_SWIFT_STANDARD_LIBRARIES = YES;
				BUNDLE_LOADER = "$(TEST_HOST)";
				CODE_SIGN_STYLE = Automatic;
				INFOPLIST_FILE = FlashcardsTests/Info.plist;
				IPHONEOS_DEPLOYMENT_TARGET = 13.2;
				LD_RUNPATH_SEARCH_PATHS = (
					"$(inherited)",
					"@executable_path/Frameworks",
					"@loader_path/Frameworks",
				);
				PRODUCT_BUNDLE_IDENTIFIER = com.JordanLawanson.FlashcardsTests;
				PRODUCT_NAME = "$(TARGET_NAME)";
				SWIFT_VERSION = 5.0;
				TARGETED_DEVICE_FAMILY = "1,2";
				TEST_HOST = "$(BUILT_PRODUCTS_DIR)/Flashcards.app/Flashcards";
			};
			name = Debug;
		};
		804959D223F760050055FCE3 /* Release */ = {
			isa = XCBuildConfiguration;
			buildSettings = {
				ALWAYS_EMBED_SWIFT_STANDARD_LIBRARIES = YES;
				BUNDLE_LOADER = "$(TEST_HOST)";
				CODE_SIGN_STYLE = Automatic;
				INFOPLIST_FILE = FlashcardsTests/Info.plist;
				IPHONEOS_DEPLOYMENT_TARGET = 13.2;
				LD_RUNPATH_SEARCH_PATHS = (
					"$(inherited)",
					"@executable_path/Frameworks",
					"@loader_path/Frameworks",
				);
				PRODUCT_BUNDLE_IDENTIFIER = com.JordanLawanson.FlashcardsTests;
				PRODUCT_NAME = "$(TARGET_NAME)";
				SWIFT_VERSION = 5.0;
				TARGETED_DEVICE_FAMILY = "1,2";
				TEST_HOST = "$(BUILT_PRODUCTS_DIR)/Flashcards.app/Flashcards";
			};
			name = Release;
		};
		804959D423F760050055FCE3 /* Debug */ = {
			isa = XCBuildConfiguration;
			buildSettings = {
				ALWAYS_EMBED_SWIFT_STANDARD_LIBRARIES = YES;
				CODE_SIGN_STYLE = Automatic;
				INFOPLIST_FILE = FlashcardsUITests/Info.plist;
				LD_RUNPATH_SEARCH_PATHS = (
					"$(inherited)",
					"@executable_path/Frameworks",
					"@loader_path/Frameworks",
				);
				PRODUCT_BUNDLE_IDENTIFIER = com.JordanLawanson.FlashcardsUITests;
				PRODUCT_NAME = "$(TARGET_NAME)";
				SWIFT_VERSION = 5.0;
				TARGETED_DEVICE_FAMILY = "1,2";
				TEST_TARGET_NAME = Flashcards;
			};
			name = Debug;
		};
		804959D523F760050055FCE3 /* Release */ = {
			isa = XCBuildConfiguration;
			buildSettings = {
				ALWAYS_EMBED_SWIFT_STANDARD_LIBRARIES = YES;
				CODE_SIGN_STYLE = Automatic;
				INFOPLIST_FILE = FlashcardsUITests/Info.plist;
				LD_RUNPATH_SEARCH_PATHS = (
					"$(inherited)",
					"@executable_path/Frameworks",
					"@loader_path/Frameworks",
				);
				PRODUCT_BUNDLE_IDENTIFIER = com.JordanLawanson.FlashcardsUITests;
				PRODUCT_NAME = "$(TARGET_NAME)";
				SWIFT_VERSION = 5.0;
				TARGETED_DEVICE_FAMILY = "1,2";
				TEST_TARGET_NAME = Flashcards;
			};
			name = Release;
		};
/* End XCBuildConfiguration section */

/* Begin XCConfigurationList section */
		8049599E23F75FFE0055FCE3 /* Build configuration list for PBXProject "Flashcards" */ = {
			isa = XCConfigurationList;
			buildConfigurations = (
				804959CB23F760050055FCE3 /* Debug */,
				804959CC23F760050055FCE3 /* Release */,
			);
			defaultConfigurationIsVisible = 0;
			defaultConfigurationName = Release;
		};
		804959CD23F760050055FCE3 /* Build configuration list for PBXNativeTarget "Flashcards" */ = {
			isa = XCConfigurationList;
			buildConfigurations = (
				804959CE23F760050055FCE3 /* Debug */,
				804959CF23F760050055FCE3 /* Release */,
			);
			defaultConfigurationIsVisible = 0;
			defaultConfigurationName = Release;
		};
		804959D023F760050055FCE3 /* Build configuration list for PBXNativeTarget "FlashcardsTests" */ = {
			isa = XCConfigurationList;
			buildConfigurations = (
				804959D123F760050055FCE3 /* Debug */,
				804959D223F760050055FCE3 /* Release */,
			);
			defaultConfigurationIsVisible = 0;
			defaultConfigurationName = Release;
		};
		804959D323F760050055FCE3 /* Build configuration list for PBXNativeTarget "FlashcardsUITests" */ = {
			isa = XCConfigurationList;
			buildConfigurations = (
				804959D423F760050055FCE3 /* Debug */,
				804959D523F760050055FCE3 /* Release */,
			);
			defaultConfigurationIsVisible = 0;
			defaultConfigurationName = Release;
		};
/* End XCConfigurationList section */
	};
	rootObject = 8049599B23F75FFE0055FCE3 /* Project object */;
}
